
Microsoft Visual Studio Solution File, Format Version 12.00
# Visual Studio Version 16
VisualStudioVersion = 16.0.29215.179
MinimumVisualStudioVersion = 10.0.40219.1
Project("{9A19103F-16F7-4668-BE54-9A1E7A4F7556}") = "CoreWiki", "CoreWiki\CoreWiki.csproj", "{0EE738DA-A691-42A0-B38C-708CD4984928}"
EndProject
Global
	GlobalSection(SolutionConfigurationPlatforms) = preSolution
		Debug|Any CPU = Debug|Any CPU
		Release|Any CPU = Release|Any CPU
	EndGlobalSection
	GlobalSection(ProjectConfigurationPlatforms) = postSolution
		{0EE738DA-A691-42A0-B38C-708CD4984928}.Debug|Any CPU.ActiveCfg = Debug|Any CPU
		{0EE738DA-A691-42A0-B38C-708CD4984928}.Debug|Any CPU.Build.0 = Debug|Any CPU
		{0EE738DA-A691-42A0-B38C-708CD4984928}.Release|Any CPU.ActiveCfg = Release|Any CPU
		{0EE738DA-A691-42A0-B38C-708CD4984928}.Release|Any CPU.Build.0 = Release|Any CPU
	EndGlobalSection
	GlobalSection(SolutionProperties) = preSolution
		HideSolutionNode = FALSE
	EndGlobalSection
	GlobalSection(ExtensibilityGlobals) = postSolution
		SolutionGuid = {8209242A-015C-45A8-81F0-C724612B248F}
	EndGlobalSection
EndGlobal
